
Microsoft Visual Studio Solution File, Format Version 12.00
# Visual Studio Version 16
VisualStudioVersion = 16.0.32002.261
MinimumVisualStudioVersion = 10.0.40219.1
Project("{FAE04EC0-301F-11D3-BF4B-00C04F79EFBC}") = "413Website", "413 Website\413Website.csproj", "{EEE934D8-7AAB-47B2-A502-8924807C6C1D}"
EndProject
Global
	GlobalSection(SolutionConfigurationPlatforms) = preSolution
		Debug|Any CPU = Debug|Any CPU
		Release|Any CPU = Release|Any CPU
	EndGlobalSection
	GlobalSection(ProjectConfigurationPlatforms) = postSolution
		{EEE934D8-7AAB-47B2-A502-8924807C6C1D}.Debug|Any CPU.ActiveCfg = Debug|Any CPU
		{EEE934D8-7AAB-47B2-A502-8924807C6C1D}.Debug|Any CPU.Build.0 = Debug|Any CPU
		{EEE934D8-7AAB-47B2-A502-8924807C6C1D}.Release|Any CPU.ActiveCfg = Release|Any CPU
		{EEE934D8-7AAB-47B2-A502-8924807C6C1D}.Release|Any CPU.Build.0 = Release|Any CPU
	EndGlobalSection
	GlobalSection(SolutionProperties) = preSolution
		HideSolutionNode = FALSE
	EndGlobalSection
	GlobalSection(ExtensibilityGlobals) = postSolution
		SolutionGuid = {CD3F1FA1-8B6F-40C5-A20E-5B1B34F02FF5}
	EndGlobalSection
EndGlobal
